
Microsoft Visual Studio Solution File, Format Version 12.00
# Visual Studio Version 16
VisualStudioVersion = 16.0.30225.117
MinimumVisualStudioVersion = 10.0.40219.1
Project("{FAE04EC0-301F-11D3-BF4B-00C04F79EFBC}") = "task1", "task1\task1.csproj", "{0A3033A9-546A-4B9F-A369-33C8BF6F8048}"
EndProject
Global
	GlobalSection(SolutionConfigurationPlatforms) = preSolution
		Debug|Any CPU = Debug|Any CPU
		Release|Any CPU = Release|Any CPU
	EndGlobalSection
	GlobalSection(ProjectConfigurationPlatforms) = postSolution
		{0A3033A9-546A-4B9F-A369-33C8BF6F8048}.Debug|Any CPU.ActiveCfg = Debug|Any CPU
		{0A3033A9-546A-4B9F-A369-33C8BF6F8048}.Debug|Any CPU.Build.0 = Debug|Any CPU
		{0A3033A9-546A-4B9F-A369-33C8BF6F8048}.Release|Any CPU.ActiveCfg = Release|Any CPU
		{0A3033A9-546A-4B9F-A369-33C8BF6F8048}.Release|Any CPU.Build.0 = Release|Any CPU
	EndGlobalSection
	GlobalSection(SolutionProperties) = preSolution
		HideSolutionNode = FALSE
	EndGlobalSection
	GlobalSection(ExtensibilityGlobals) = postSolution
		SolutionGuid = {7BE4F5FF-403C-4AD6-918E-CACC01A61AFF}
	EndGlobalSection
EndGlobal
