
Microsoft Visual Studio Solution File, Format Version 12.00
# Visual Studio Version 16
VisualStudioVersion = 16.0.30406.217
MinimumVisualStudioVersion = 10.0.40219.1
Project("{9A19103F-16F7-4668-BE54-9A1E7A4F7556}") = "CookBook.BL", "CookBook.BL\CookBook.BL.csproj", "{AFB79F7E-4373-4957-A6E4-DC1F91B8B152}"
EndProject
Project("{FAE04EC0-301F-11D3-BF4B-00C04F79EFBC}") = "CookBook.CMD", "CookBook.CMD\CookBook.CMD.csproj", "{A9B5E82C-7A83-48D6-8F12-919311695D2F}"
EndProject
Global
	GlobalSection(SolutionConfigurationPlatforms) = preSolution
		Debug|Any CPU = Debug|Any CPU
		Release|Any CPU = Release|Any CPU
	EndGlobalSection
	GlobalSection(ProjectConfigurationPlatforms) = postSolution
		{AFB79F7E-4373-4957-A6E4-DC1F91B8B152}.Debug|Any CPU.ActiveCfg = Debug|Any CPU
		{AFB79F7E-4373-4957-A6E4-DC1F91B8B152}.Debug|Any CPU.Build.0 = Debug|Any CPU
		{AFB79F7E-4373-4957-A6E4-DC1F91B8B152}.Release|Any CPU.ActiveCfg = Release|Any CPU
		{AFB79F7E-4373-4957-A6E4-DC1F91B8B152}.Release|Any CPU.Build.0 = Release|Any CPU
		{A9B5E82C-7A83-48D6-8F12-919311695D2F}.Debug|Any CPU.ActiveCfg = Debug|Any CPU
		{A9B5E82C-7A83-48D6-8F12-919311695D2F}.Debug|Any CPU.Build.0 = Debug|Any CPU
		{A9B5E82C-7A83-48D6-8F12-919311695D2F}.Release|Any CPU.ActiveCfg = Release|Any CPU
		{A9B5E82C-7A83-48D6-8F12-919311695D2F}.Release|Any CPU.Build.0 = Release|Any CPU
	EndGlobalSection
	GlobalSection(SolutionProperties) = preSolution
		HideSolutionNode = FALSE
	EndGlobalSection
	GlobalSection(ExtensibilityGlobals) = postSolution
		SolutionGuid = {4DF8AF6D-6E35-4772-B8FC-47132A4CBA25}
	EndGlobalSection
EndGlobal
